
Microsoft Visual Studio Solution File, Format Version 12.00
# Visual Studio Version 17
VisualStudioVersion = 17.14.36511.14 d17.14
MinimumVisualStudioVersion = 10.0.40219.1
Project("{FAE04EC0-301F-11D3-BF4B-00C04F79EFBC}") = "SkladApp", "SkladApp\SkladApp.csproj", "{AD8351DC-69E4-4758-8EE5-B8886DC109AB}"
EndProject
Global
	GlobalSection(SolutionConfigurationPlatforms) = preSolution
		Debug|Any CPU = Debug|Any CPU
		Release|Any CPU = Release|Any CPU
	EndGlobalSection
	GlobalSection(ProjectConfigurationPlatforms) = postSolution
		{AD8351DC-69E4-4758-8EE5-B8886DC109AB}.Debug|Any CPU.ActiveCfg = Debug|Any CPU
		{AD8351DC-69E4-4758-8EE5-B8886DC109AB}.Debug|Any CPU.Build.0 = Debug|Any CPU
		{AD8351DC-69E4-4758-8EE5-B8886DC109AB}.Release|Any CPU.ActiveCfg = Release|Any CPU
		{AD8351DC-69E4-4758-8EE5-B8886DC109AB}.Release|Any CPU.Build.0 = Release|Any CPU
	EndGlobalSection
	GlobalSection(SolutionProperties) = preSolution
		HideSolutionNode = FALSE
	EndGlobalSection
	GlobalSection(ExtensibilityGlobals) = postSolution
		SolutionGuid = {61F6BB8C-22A7-4168-B45F-85206C8DDFB0}
	EndGlobalSection
EndGlobal
